
Microsoft Visual Studio Solution File, Format Version 12.00
# Visual Studio Version 17
VisualStudioVersion = 17.2.32630.192
MinimumVisualStudioVersion = 10.0.40219.1
Project("{E53339B2-1760-4266-BCC7-CA923CBCF16C}") = "docker-compose", "docker-compose.dcproj", "{63F0AC7C-6516-463D-B542-2E9052839E48}"
EndProject
Project("{2150E333-8FDC-42A3-9474-1A3956D46DE8}") = "Services", "Services", "{568D619C-7FF9-4B77-BDC5-37D97FFF2A58}"
EndProject
Project("{2150E333-8FDC-42A3-9474-1A3956D46DE8}") = "Discount", "Discount", "{FE5FDD91-4C7B-443B-AF81-8AB59CC1E0C8}"
EndProject
Project("{2150E333-8FDC-42A3-9474-1A3956D46DE8}") = "Catalog", "Catalog", "{CDE3AA45-E376-4D59-9174-AA42C63EEEFC}"
EndProject
Project("{2150E333-8FDC-42A3-9474-1A3956D46DE8}") = "ApiGateways", "ApiGateways", "{91983764-A493-4566-81DF-2F53EB7C6076}"
EndProject
Project("{2150E333-8FDC-42A3-9474-1A3956D46DE8}") = "Basket", "Basket", "{EB6D1849-FD2E-4D7A-86E9-EB4872608329}"
EndProject
Project("{9A19103F-16F7-4668-BE54-9A1E7A4F7556}") = "Basket.API", "src\services\Basket\Basket.API\Basket.API.csproj", "{7573FBA6-86DB-44EE-BDC8-F5DF075CDF88}"
EndProject
Project("{9A19103F-16F7-4668-BE54-9A1E7A4F7556}") = "Discount.API", "src\services\Discount\Discount.API\Discount.API.csproj", "{C8AB9E96-08D3-4707-AB5D-FBFDDB3EE8CE}"
EndProject
Project("{9A19103F-16F7-4668-BE54-9A1E7A4F7556}") = "Catalog.API", "src\services\Catalog\Catalog.API\Catalog.API.csproj", "{766CE820-F28E-4B72-9FE2-B25DF2AC3D37}"
EndProject
Project("{9A19103F-16F7-4668-BE54-9A1E7A4F7556}") = "Discount.Grpc", "src\services\Discount\Discount.Grpc\Discount.Grpc.csproj", "{77BC504C-44CD-460D-85CA-AC6A8D17B654}"
EndProject
Project("{2150E333-8FDC-42A3-9474-1A3956D46DE8}") = "GameCatalog", "GameCatalog", "{3AF5971E-7082-424D-ACF9-1B5CEE70B7A1}"
EndProject
Project("{9A19103F-16F7-4668-BE54-9A1E7A4F7556}") = "GameCatalog.API", "src\services\GameCatalog\GameCatalog.API\GameCatalog.API.csproj", "{E4AD49C2-BC0D-4852-AA24-47056988A434}"
EndProject
Project("{2150E333-8FDC-42A3-9474-1A3956D46DE8}") = "Examples", "Examples", "{CFB0C5E1-6598-404C-92AC-927D5BA976BC}"
EndProject
Project("{9A19103F-16F7-4668-BE54-9A1E7A4F7556}") = "SignalR.API", "src\services\SignalR.API\SignalR.API.csproj", "{132859D0-65CD-4C67-BDB9-9F37812058BA}"
EndProject
Project("{2150E333-8FDC-42A3-9474-1A3956D46DE8}") = "WebApps", "WebApps", "{8E0724A5-6B17-4699-836F-445ACB28A4C7}"
EndProject
Project("{9A19103F-16F7-4668-BE54-9A1E7A4F7556}") = "Web.Mvc", "src\webapps\Web.Mvc\Web.Mvc.csproj", "{562FC8CE-40EC-44ED-9ADA-82A5E947860C}"
EndProject
Project("{2150E333-8FDC-42A3-9474-1A3956D46DE8}") = "Nugets", "Nugets", "{FA6EE94A-06E6-4621-89C6-EDE430C5887F}"
EndProject
Project("{9A19103F-16F7-4668-BE54-9A1E7A4F7556}") = "Inventory.API", "src\services\Inventory\Inventory.API\Inventory.API.csproj", "{180A08C2-3AFC-4831-BD2A-C7AE0C248C5C}"
EndProject
Project("{2150E333-8FDC-42A3-9474-1A3956D46DE8}") = "Inventory", "Inventory", "{3CF7F540-7A8C-4B7A-9EF6-E78441F4D900}"
EndProject
Project("{2150E333-8FDC-42A3-9474-1A3956D46DE8}") = "MongoWrapper", "MongoWrapper", "{055A3C44-3BE9-4B8C-B13E-5B4ED75F86BE}"
EndProject
Project("{2150E333-8FDC-42A3-9474-1A3956D46DE8}") = "Configuration", "Configuration", "{14DB75FC-AB06-4F1A-9809-37C69669557E}"
EndProject
Project("{9A19103F-16F7-4668-BE54-9A1E7A4F7556}") = "NetMicroservices.ServiceConfig.Nuget", "src\nugets\NetMicroservices.Configuration\NetMicroservices.ServiceConfig\NetMicroservices.ServiceConfig.Nuget\NetMicroservices.ServiceConfig.Nuget.csproj", "{529C6583-ACDB-46E1-92D3-FE3E910EC915}"
EndProject
Project("{9A19103F-16F7-4668-BE54-9A1E7A4F7556}") = "NetMicroservices.MongoDbWrapper.Nuget", "src\nugets\NetMicroservices.Dbs\NetMicroservices.MongoDbWrapper\NetMicroservices.MongoDbWrapper.Nuget\NetMicroservices.MongoDbWrapper.Nuget.csproj", "{11099116-2EC6-4022-9726-0C03AF2CFB8C}"
EndProject
Project("{9A19103F-16F7-4668-BE54-9A1E7A4F7556}") = "NetMicroservices.MongoDbWrapper.Tests", "src\nugets\NetMicroservices.Dbs\NetMicroservices.MongoDbWrapper\NetMicroservices.MongoDbWrapper.Tests\NetMicroservices.MongoDbWrapper.Tests.csproj", "{0BDE2FE0-BF56-4F75-AF94-E659567701A2}"
EndProject
Project("{9A19103F-16F7-4668-BE54-9A1E7A4F7556}") = "Web.Spa", "src\webapps\Web.Spa\Web.Spa.csproj", "{2AA9C6C7-C4AB-49D3-A89B-5774425CB567}"
EndProject
Project("{2150E333-8FDC-42A3-9474-1A3956D46DE8}") = "RealTimeTransmission", "RealTimeTransmission", "{807B20D7-9B71-4F93-AAFE-3129AB88FB86}"
EndProject
Project("{9A19103F-16F7-4668-BE54-9A1E7A4F7556}") = "RealTimeTransmission.API", "src\services\RealTimeTransmission\RealTimeTransmission.API\RealTimeTransmission.API.csproj", "{179268BE-251B-4C7D-8E10-A9D61B186ADC}"
EndProject
Project("{2150E333-8FDC-42A3-9474-1A3956D46DE8}") = "RabbitMQWrapper", "RabbitMQWrapper", "{ABCC8CFD-4D53-42D5-9B73-695184BB793E}"
EndProject
Project("{9A19103F-16F7-4668-BE54-9A1E7A4F7556}") = "NetMicroservices.RabbitMqWrapper.Nuget", "src\nugets\NetMicroservices.Messaging\RabbitMqWrapper\NetMicroservices.RabbitMqWrapper.Nuget\NetMicroservices.RabbitMqWrapper.Nuget.csproj", "{B4616F9C-C510-4AC7-8AE5-9EB001CF7315}"
EndProject
Project("{9A19103F-16F7-4668-BE54-9A1E7A4F7556}") = "NetMicroservices.MessageContracts.Nuget", "src\nugets\NetMicroservices.Messaging\MessageContracts\NetMicroservices.MessageContracts.Nuget\NetMicroservices.MessageContracts.Nuget.csproj", "{B5A31DAF-4B8E-48DF-8083-EF10B777603D}"
EndProject
Project("{9A19103F-16F7-4668-BE54-9A1E7A4F7556}") = "Web-GW", "src\services\API-Gws\Web-GW\Web-GW.csproj", "{7B6C336C-CCB4-447D-AAF8-C41474AA42BD}"
EndProject
Project("{2150E333-8FDC-42A3-9474-1A3956D46DE8}") = "Ordering", "Ordering", "{CA24D5C5-3F54-4CDC-8B1A-3DA6E61283ED}"
EndProject
Project("{9A19103F-16F7-4668-BE54-9A1E7A4F7556}") = "Ordering.API", "src\services\Ordering\Ordering.API\Ordering.API.csproj", "{94354E41-A37A-4863-8577-FDB3AAC76E11}"
EndProject
Project("{9A19103F-16F7-4668-BE54-9A1E7A4F7556}") = "Ordering.Domain", "src\services\Ordering\Ordering.Domain\Ordering.Domain.csproj", "{AE559D8D-E3BD-4B18-B27E-074F26446D68}"
EndProject
Project("{9A19103F-16F7-4668-BE54-9A1E7A4F7556}") = "Ordering.Application", "src\services\Ordering\Ordering.Application\Ordering.Application.csproj", "{28DD356E-2E43-46B3-8BB2-983BB10408B4}"
EndProject
Project("{9A19103F-16F7-4668-BE54-9A1E7A4F7556}") = "Ordering.Infrastructure", "src\services\Ordering\Ordering.Infrastructure\Ordering.Infrastructure.csproj", "{88260B87-6FBB-4655-B285-5E264F3F5FEA}"
EndProject
Project("{9A19103F-16F7-4668-BE54-9A1E7A4F7556}") = "Ordering.Persistence", "src\services\Ordering\Ordering.Persistence\Ordering.Persistence.csproj", "{A4D4E1F9-CC55-4E15-B261-0CDE0AA7CE33}"
EndProject
Project("{2150E333-8FDC-42A3-9474-1A3956D46DE8}") = "Customers", "Customers", "{BF053AFE-EC0B-4253-A347-AF4A17B91729}"
EndProject
Project("{9A19103F-16F7-4668-BE54-9A1E7A4F7556}") = "Customer.API", "src\services\Customer\Customer.API\Customer.API.csproj", "{083B4526-4EC6-467A-A078-FED1C8E1359A}"
EndProject
Project("{9A19103F-16F7-4668-BE54-9A1E7A4F7556}") = "Customer.Domain", "src\services\Customer\Customer.Domain\Customer.Domain.csproj", "{0CF09B9E-F890-448F-87AD-DD2839F81E70}"
EndProject
Project("{9A19103F-16F7-4668-BE54-9A1E7A4F7556}") = "Customer.Application", "src\services\Customer\Customer.Application\Customer.Application.csproj", "{C2034834-A217-4593-855F-D8716A7A210B}"
EndProject
Project("{9A19103F-16F7-4668-BE54-9A1E7A4F7556}") = "Customer.Persistence", "src\services\Customer\Customer.Persistence\Customer.Persistence.csproj", "{31D3E4E3-17A6-4C4F-9A7C-4884208207C1}"
EndProject
Project("{9A19103F-16F7-4668-BE54-9A1E7A4F7556}") = "Customer.Infrastructure", "src\services\Customer\Customer.Infrastructure\Customer.Infrastructure.csproj", "{5BD34769-BC9D-4959-87B4-6BBDF054B1D2}"
EndProject
Project("{9A19103F-16F7-4668-BE54-9A1E7A4F7556}") = "Customer.Tests", "src\services\Customer\Customer.Tests\Customer.Tests.csproj", "{B50565AA-4568-4826-BB5E-E117EF0FA520}"
EndProject
Project("{2150E333-8FDC-42A3-9474-1A3956D46DE8}") = "SqlWrapper", "SqlWrapper", "{53B6F11E-F8F6-4C99-888A-5131470C7256}"
EndProject
Project("{2150E333-8FDC-42A3-9474-1A3956D46DE8}") = "Dbs", "Dbs", "{49003256-E5AC-473A-8A44-D5BEA2874A89}"
EndProject
Project("{9A19103F-16F7-4668-BE54-9A1E7A4F7556}") = "NetMicroservices.SqlWrapper.Nuget", "src\nugets\NetMicroservices.Dbs\NetMicroservices.SqlWrapper\NetMicroservices.SqlWrapper.Nuget\NetMicroservices.SqlWrapper.Nuget.csproj", "{6D17D8D5-E5CB-4D81-BC1E-A498F63C2984}"
EndProject
Project("{2150E333-8FDC-42A3-9474-1A3956D46DE8}") = "MediatorWrapper", "MediatorWrapper", "{6C1CB36E-DDD4-44E3-A812-792CE351E5DB}"
EndProject
Project("{9A19103F-16F7-4668-BE54-9A1E7A4F7556}") = "NetMicroservices.MediatorWrapper.Nuget", "src\nugets\NetMicroservices.Messaging\MediatorWrapper\NetMicroservices.MediatorWrapper.Nuget\NetMicroservices.MediatorWrapper.Nuget.csproj", "{823C244E-3D8C-442D-9CCC-A39182C9B9BC}"
EndProject
Project("{2150E333-8FDC-42A3-9474-1A3956D46DE8}") = "ProjectDetail", "ProjectDetail", "{0E41D005-436D-4EBA-8449-47282FAF68C9}"
EndProject
Project("{9A19103F-16F7-4668-BE54-9A1E7A4F7556}") = "ProjectDetail.API", "src\services\ProjectDetail\ProjectDetail.API\ProjectDetail.API.csproj", "{9E9E29DB-7CE7-4FA9-A31C-DB172AD9AE31}"
EndProject
Project("{9A19103F-16F7-4668-BE54-9A1E7A4F7556}") = "ProjectDetail.Domain", "src\services\ProjectDetail\ProjectDetail.Domain\ProjectDetail.Domain.csproj", "{4F684200-6CD0-4353-A8CD-906FC252502F}"
EndProject
Project("{9A19103F-16F7-4668-BE54-9A1E7A4F7556}") = "ProjectDetail.Application", "src\services\ProjectDetail\ProjectDetail.Application\ProjectDetail.Application.csproj", "{09CF4C07-2400-479F-9B4F-6D4B8BD8A7A0}"
EndProject
Project("{9A19103F-16F7-4668-BE54-9A1E7A4F7556}") = "ProjectDetail.Infrastructure", "src\services\ProjectDetail\ProjectDetail.Infrastructure\ProjectDetail.Infrastructure.csproj", "{10CA51A4-2EE0-46B8-A257-DB9D26565C33}"
EndProject
Project("{9A19103F-16F7-4668-BE54-9A1E7A4F7556}") = "ProjectDetail.Persistence", "src\services\ProjectDetail\ProjectDetail.Persistence\ProjectDetail.Persistence.csproj", "{4B9FACAA-999F-4339-8352-6CDC899CE9D3}"
EndProject
Project("{9A19103F-16F7-4668-BE54-9A1E7A4F7556}") = "Catalog.Domain", "src\services\Catalog\Catalog.Domain\Catalog.Domain.csproj", "{54710F34-7E08-48FB-9B0C-9C8DD0260E6C}"
EndProject
Project("{9A19103F-16F7-4668-BE54-9A1E7A4F7556}") = "Catalog.Application", "src\services\Catalog\Catalog.Application\Catalog.Application.csproj", "{BF2EFF1B-3984-482B-894F-CB3443BA93B3}"
EndProject
Project("{9A19103F-16F7-4668-BE54-9A1E7A4F7556}") = "Catalog.Infrastructure", "src\services\Catalog\Catalog.Infrastructure\Catalog.Infrastructure.csproj", "{77EC5FE4-EFD1-4BEF-AB6A-BA1C475BE2AA}"
EndProject
Project("{9A19103F-16F7-4668-BE54-9A1E7A4F7556}") = "Catalog.Persistence", "src\services\Catalog\Catalog.Persistence\Catalog.Persistence.csproj", "{E276B42E-D0EB-4A1A-BF4E-D834FF462464}"
EndProject
Project("{2150E333-8FDC-42A3-9474-1A3956D46DE8}") = "Blazor", "Blazor", "{45C90D31-61A3-42F6-BBB5-1B426DC2DA6D}"
EndProject
Project("{2150E333-8FDC-42A3-9474-1A3956D46DE8}") = "Mvc", "Mvc", "{B344723C-531F-4603-9029-7F3BC397EA73}"
EndProject
Project("{2150E333-8FDC-42A3-9474-1A3956D46DE8}") = "IsomorphicSpa", "IsomorphicSpa", "{57417450-9C95-4BC9-A378-FADA5190AE2D}"
EndProject
Project("{FAE04EC0-301F-11D3-BF4B-00C04F79EFBC}") = "Web.Blazor.Client", "src\webapps\Web.Blazor\Client\Web.Blazor.Client.csproj", "{D51A9BBA-1F9A-47C3-8BEB-E60A75A0D34A}"
EndProject
Project("{FAE04EC0-301F-11D3-BF4B-00C04F79EFBC}") = "Web.Blazor.Shared", "src\webapps\Web.Blazor\Shared\Web.Blazor.Shared.csproj", "{3FAB9535-BE8F-48CB-9770-0A6A2D06E4EF}"
EndProject
Project("{9A19103F-16F7-4668-BE54-9A1E7A4F7556}") = "Web.Blazor.Server", "src\webapps\Web.Blazor\Server\Web.Blazor.Server.csproj", "{E90DE608-C71D-4C27-9454-8A3A1B2033AA}"
EndProject
Project("{2150E333-8FDC-42A3-9474-1A3956D46DE8}") = "WebAssembly", "WebAssembly", "{4CC1C11D-7690-45C0-98FD-132A733317CB}"
EndProject
Global
	GlobalSection(SolutionConfigurationPlatforms) = preSolution
		Debug|Any CPU = Debug|Any CPU
		Release|Any CPU = Release|Any CPU
	EndGlobalSection
	GlobalSection(ProjectConfigurationPlatforms) = postSolution
		{63F0AC7C-6516-463D-B542-2E9052839E48}.Debug|Any CPU.ActiveCfg = Debug|Any CPU
		{63F0AC7C-6516-463D-B542-2E9052839E48}.Debug|Any CPU.Build.0 = Debug|Any CPU
		{63F0AC7C-6516-463D-B542-2E9052839E48}.Release|Any CPU.ActiveCfg = Release|Any CPU
		{63F0AC7C-6516-463D-B542-2E9052839E48}.Release|Any CPU.Build.0 = Release|Any CPU
		{7573FBA6-86DB-44EE-BDC8-F5DF075CDF88}.Debug|Any CPU.ActiveCfg = Debug|Any CPU
		{7573FBA6-86DB-44EE-BDC8-F5DF075CDF88}.Debug|Any CPU.Build.0 = Debug|Any CPU
		{7573FBA6-86DB-44EE-BDC8-F5DF075CDF88}.Release|Any CPU.ActiveCfg = Release|Any CPU
		{7573FBA6-86DB-44EE-BDC8-F5DF075CDF88}.Release|Any CPU.Build.0 = Release|Any CPU
		{C8AB9E96-08D3-4707-AB5D-FBFDDB3EE8CE}.Debug|Any CPU.ActiveCfg = Debug|Any CPU
		{C8AB9E96-08D3-4707-AB5D-FBFDDB3EE8CE}.Debug|Any CPU.Build.0 = Debug|Any CPU
		{C8AB9E96-08D3-4707-AB5D-FBFDDB3EE8CE}.Release|Any CPU.ActiveCfg = Release|Any CPU
		{C8AB9E96-08D3-4707-AB5D-FBFDDB3EE8CE}.Release|Any CPU.Build.0 = Release|Any CPU
		{766CE820-F28E-4B72-9FE2-B25DF2AC3D37}.Debug|Any CPU.ActiveCfg = Debug|Any CPU
		{766CE820-F28E-4B72-9FE2-B25DF2AC3D37}.Debug|Any CPU.Build.0 = Debug|Any CPU
		{766CE820-F28E-4B72-9FE2-B25DF2AC3D37}.Release|Any CPU.ActiveCfg = Release|Any CPU
		{766CE820-F28E-4B72-9FE2-B25DF2AC3D37}.Release|Any CPU.Build.0 = Release|Any CPU
		{77BC504C-44CD-460D-85CA-AC6A8D17B654}.Debug|Any CPU.ActiveCfg = Debug|Any CPU
		{77BC504C-44CD-460D-85CA-AC6A8D17B654}.Debug|Any CPU.Build.0 = Debug|Any CPU
		{77BC504C-44CD-460D-85CA-AC6A8D17B654}.Release|Any CPU.ActiveCfg = Release|Any CPU
		{77BC504C-44CD-460D-85CA-AC6A8D17B654}.Release|Any CPU.Build.0 = Release|Any CPU
		{E4AD49C2-BC0D-4852-AA24-47056988A434}.Debug|Any CPU.ActiveCfg = Debug|Any CPU
		{E4AD49C2-BC0D-4852-AA24-47056988A434}.Debug|Any CPU.Build.0 = Debug|Any CPU
		{E4AD49C2-BC0D-4852-AA24-47056988A434}.Release|Any CPU.ActiveCfg = Release|Any CPU
		{E4AD49C2-BC0D-4852-AA24-47056988A434}.Release|Any CPU.Build.0 = Release|Any CPU
		{132859D0-65CD-4C67-BDB9-9F37812058BA}.Debug|Any CPU.ActiveCfg = Debug|Any CPU
		{132859D0-65CD-4C67-BDB9-9F37812058BA}.Debug|Any CPU.Build.0 = Debug|Any CPU
		{132859D0-65CD-4C67-BDB9-9F37812058BA}.Release|Any CPU.ActiveCfg = Release|Any CPU
		{132859D0-65CD-4C67-BDB9-9F37812058BA}.Release|Any CPU.Build.0 = Release|Any CPU
		{562FC8CE-40EC-44ED-9ADA-82A5E947860C}.Debug|Any CPU.ActiveCfg = Debug|Any CPU
		{562FC8CE-40EC-44ED-9ADA-82A5E947860C}.Debug|Any CPU.Build.0 = Debug|Any CPU
		{562FC8CE-40EC-44ED-9ADA-82A5E947860C}.Release|Any CPU.ActiveCfg = Release|Any CPU
		{562FC8CE-40EC-44ED-9ADA-82A5E947860C}.Release|Any CPU.Build.0 = Release|Any CPU
		{180A08C2-3AFC-4831-BD2A-C7AE0C248C5C}.Debug|Any CPU.ActiveCfg = Debug|Any CPU
		{180A08C2-3AFC-4831-BD2A-C7AE0C248C5C}.Debug|Any CPU.Build.0 = Debug|Any CPU
		{180A08C2-3AFC-4831-BD2A-C7AE0C248C5C}.Release|Any CPU.ActiveCfg = Release|Any CPU
		{180A08C2-3AFC-4831-BD2A-C7AE0C248C5C}.Release|Any CPU.Build.0 = Release|Any CPU
		{529C6583-ACDB-46E1-92D3-FE3E910EC915}.Debug|Any CPU.ActiveCfg = Debug|Any CPU
		{529C6583-ACDB-46E1-92D3-FE3E910EC915}.Debug|Any CPU.Build.0 = Debug|Any CPU
		{529C6583-ACDB-46E1-92D3-FE3E910EC915}.Release|Any CPU.ActiveCfg = Release|Any CPU
		{529C6583-ACDB-46E1-92D3-FE3E910EC915}.Release|Any CPU.Build.0 = Release|Any CPU
		{11099116-2EC6-4022-9726-0C03AF2CFB8C}.Debug|Any CPU.ActiveCfg = Debug|Any CPU
		{11099116-2EC6-4022-9726-0C03AF2CFB8C}.Debug|Any CPU.Build.0 = Debug|Any CPU
		{11099116-2EC6-4022-9726-0C03AF2CFB8C}.Release|Any CPU.ActiveCfg = Release|Any CPU
		{11099116-2EC6-4022-9726-0C03AF2CFB8C}.Release|Any CPU.Build.0 = Release|Any CPU
		{0BDE2FE0-BF56-4F75-AF94-E659567701A2}.Debug|Any CPU.ActiveCfg = Debug|Any CPU
		{0BDE2FE0-BF56-4F75-AF94-E659567701A2}.Debug|Any CPU.Build.0 = Debug|Any CPU
		{0BDE2FE0-BF56-4F75-AF94-E659567701A2}.Release|Any CPU.ActiveCfg = Release|Any CPU
		{0BDE2FE0-BF56-4F75-AF94-E659567701A2}.Release|Any CPU.Build.0 = Release|Any CPU
		{2AA9C6C7-C4AB-49D3-A89B-5774425CB567}.Debug|Any CPU.ActiveCfg = Debug|Any CPU
		{2AA9C6C7-C4AB-49D3-A89B-5774425CB567}.Debug|Any CPU.Build.0 = Debug|Any CPU
		{2AA9C6C7-C4AB-49D3-A89B-5774425CB567}.Release|Any CPU.ActiveCfg = Release|Any CPU
		{2AA9C6C7-C4AB-49D3-A89B-5774425CB567}.Release|Any CPU.Build.0 = Release|Any CPU
		{179268BE-251B-4C7D-8E10-A9D61B186ADC}.Debug|Any CPU.ActiveCfg = Debug|Any CPU
		{179268BE-251B-4C7D-8E10-A9D61B186ADC}.Debug|Any CPU.Build.0 = Debug|Any CPU
		{179268BE-251B-4C7D-8E10-A9D61B186ADC}.Release|Any CPU.ActiveCfg = Release|Any CPU
		{179268BE-251B-4C7D-8E10-A9D61B186ADC}.Release|Any CPU.Build.0 = Release|Any CPU
		{B4616F9C-C510-4AC7-8AE5-9EB001CF7315}.Debug|Any CPU.ActiveCfg = Debug|Any CPU
		{B4616F9C-C510-4AC7-8AE5-9EB001CF7315}.Debug|Any CPU.Build.0 = Debug|Any CPU
		{B4616F9C-C510-4AC7-8AE5-9EB001CF7315}.Release|Any CPU.ActiveCfg = Release|Any CPU
		{B4616F9C-C510-4AC7-8AE5-9EB001CF7315}.Release|Any CPU.Build.0 = Release|Any CPU
		{B5A31DAF-4B8E-48DF-8083-EF10B777603D}.Debug|Any CPU.ActiveCfg = Debug|Any CPU
		{B5A31DAF-4B8E-48DF-8083-EF10B777603D}.Debug|Any CPU.Build.0 = Debug|Any CPU
		{B5A31DAF-4B8E-48DF-8083-EF10B777603D}.Release|Any CPU.ActiveCfg = Release|Any CPU
		{B5A31DAF-4B8E-48DF-8083-EF10B777603D}.Release|Any CPU.Build.0 = Release|Any CPU
		{7B6C336C-CCB4-447D-AAF8-C41474AA42BD}.Debug|Any CPU.ActiveCfg = Debug|Any CPU
		{7B6C336C-CCB4-447D-AAF8-C41474AA42BD}.Debug|Any CPU.Build.0 = Debug|Any CPU
		{7B6C336C-CCB4-447D-AAF8-C41474AA42BD}.Release|Any CPU.ActiveCfg = Release|Any CPU
		{7B6C336C-CCB4-447D-AAF8-C41474AA42BD}.Release|Any CPU.Build.0 = Release|Any CPU
		{94354E41-A37A-4863-8577-FDB3AAC76E11}.Debug|Any CPU.ActiveCfg = Debug|Any CPU
		{94354E41-A37A-4863-8577-FDB3AAC76E11}.Debug|Any CPU.Build.0 = Debug|Any CPU
		{94354E41-A37A-4863-8577-FDB3AAC76E11}.Release|Any CPU.ActiveCfg = Release|Any CPU
		{94354E41-A37A-4863-8577-FDB3AAC76E11}.Release|Any CPU.Build.0 = Release|Any CPU
		{AE559D8D-E3BD-4B18-B27E-074F26446D68}.Debug|Any CPU.ActiveCfg = Debug|Any CPU
		{AE559D8D-E3BD-4B18-B27E-074F26446D68}.Debug|Any CPU.Build.0 = Debug|Any CPU
		{AE559D8D-E3BD-4B18-B27E-074F26446D68}.Release|Any CPU.ActiveCfg = Release|Any CPU
		{AE559D8D-E3BD-4B18-B27E-074F26446D68}.Release|Any CPU.Build.0 = Release|Any CPU
		{28DD356E-2E43-46B3-8BB2-983BB10408B4}.Debug|Any CPU.ActiveCfg = Debug|Any CPU
		{28DD356E-2E43-46B3-8BB2-983BB10408B4}.Debug|Any CPU.Build.0 = Debug|Any CPU
		{28DD356E-2E43-46B3-8BB2-983BB10408B4}.Release|Any CPU.ActiveCfg = Release|Any CPU
		{28DD356E-2E43-46B3-8BB2-983BB10408B4}.Release|Any CPU.Build.0 = Release|Any CPU
		{88260B87-6FBB-4655-B285-5E264F3F5FEA}.Debug|Any CPU.ActiveCfg = Debug|Any CPU
		{88260B87-6FBB-4655-B285-5E264F3F5FEA}.Debug|Any CPU.Build.0 = Debug|Any CPU
		{88260B87-6FBB-4655-B285-5E264F3F5FEA}.Release|Any CPU.ActiveCfg = Release|Any CPU
		{88260B87-6FBB-4655-B285-5E264F3F5FEA}.Release|Any CPU.Build.0 = Release|Any CPU
		{A4D4E1F9-CC55-4E15-B261-0CDE0AA7CE33}.Debug|Any CPU.ActiveCfg = Debug|Any CPU
		{A4D4E1F9-CC55-4E15-B261-0CDE0AA7CE33}.Debug|Any CPU.Build.0 = Debug|Any CPU
		{A4D4E1F9-CC55-4E15-B261-0CDE0AA7CE33}.Release|Any CPU.ActiveCfg = Release|Any CPU
		{A4D4E1F9-CC55-4E15-B261-0CDE0AA7CE33}.Release|Any CPU.Build.0 = Release|Any CPU
		{083B4526-4EC6-467A-A078-FED1C8E1359A}.Debug|Any CPU.ActiveCfg = Debug|Any CPU
		{083B4526-4EC6-467A-A078-FED1C8E1359A}.Debug|Any CPU.Build.0 = Debug|Any CPU
		{083B4526-4EC6-467A-A078-FED1C8E1359A}.Release|Any CPU.ActiveCfg = Release|Any CPU
		{083B4526-4EC6-467A-A078-FED1C8E1359A}.Release|Any CPU.Build.0 = Release|Any CPU
		{0CF09B9E-F890-448F-87AD-DD2839F81E70}.Debug|Any CPU.ActiveCfg = Debug|Any CPU
		{0CF09B9E-F890-448F-87AD-DD2839F81E70}.Debug|Any CPU.Build.0 = Debug|Any CPU
		{0CF09B9E-F890-448F-87AD-DD2839F81E70}.Release|Any CPU.ActiveCfg = Release|Any CPU
		{0CF09B9E-F890-448F-87AD-DD2839F81E70}.Release|Any CPU.Build.0 = Release|Any CPU
		{C2034834-A217-4593-855F-D8716A7A210B}.Debug|Any CPU.ActiveCfg = Debug|Any CPU
		{C2034834-A217-4593-855F-D8716A7A210B}.Debug|Any CPU.Build.0 = Debug|Any CPU
		{C2034834-A217-4593-855F-D8716A7A210B}.Release|Any CPU.ActiveCfg = Release|Any CPU
		{C2034834-A217-4593-855F-D8716A7A210B}.Release|Any CPU.Build.0 = Release|Any CPU
		{31D3E4E3-17A6-4C4F-9A7C-4884208207C1}.Debug|Any CPU.ActiveCfg = Debug|Any CPU
		{31D3E4E3-17A6-4C4F-9A7C-4884208207C1}.Debug|Any CPU.Build.0 = Debug|Any CPU
		{31D3E4E3-17A6-4C4F-9A7C-4884208207C1}.Release|Any CPU.ActiveCfg = Release|Any CPU
		{31D3E4E3-17A6-4C4F-9A7C-4884208207C1}.Release|Any CPU.Build.0 = Release|Any CPU
		{5BD34769-BC9D-4959-87B4-6BBDF054B1D2}.Debug|Any CPU.ActiveCfg = Debug|Any CPU
		{5BD34769-BC9D-4959-87B4-6BBDF054B1D2}.Debug|Any CPU.Build.0 = Debug|Any CPU
		{5BD34769-BC9D-4959-87B4-6BBDF054B1D2}.Release|Any CPU.ActiveCfg = Release|Any CPU
		{5BD34769-BC9D-4959-87B4-6BBDF054B1D2}.Release|Any CPU.Build.0 = Release|Any CPU
		{B50565AA-4568-4826-BB5E-E117EF0FA520}.Debug|Any CPU.ActiveCfg = Debug|Any CPU
		{B50565AA-4568-4826-BB5E-E117EF0FA520}.Debug|Any CPU.Build.0 = Debug|Any CPU
		{B50565AA-4568-4826-BB5E-E117EF0FA520}.Release|Any CPU.ActiveCfg = Release|Any CPU
		{B50565AA-4568-4826-BB5E-E117EF0FA520}.Release|Any CPU.Build.0 = Release|Any CPU
		{6D17D8D5-E5CB-4D81-BC1E-A498F63C2984}.Debug|Any CPU.ActiveCfg = Debug|Any CPU
		{6D17D8D5-E5CB-4D81-BC1E-A498F63C2984}.Debug|Any CPU.Build.0 = Debug|Any CPU
		{6D17D8D5-E5CB-4D81-BC1E-A498F63C2984}.Release|Any CPU.ActiveCfg = Release|Any CPU
		{6D17D8D5-E5CB-4D81-BC1E-A498F63C2984}.Release|Any CPU.Build.0 = Release|Any CPU
		{823C244E-3D8C-442D-9CCC-A39182C9B9BC}.Debug|Any CPU.ActiveCfg = Debug|Any CPU
		{823C244E-3D8C-442D-9CCC-A39182C9B9BC}.Debug|Any CPU.Build.0 = Debug|Any CPU
		{823C244E-3D8C-442D-9CCC-A39182C9B9BC}.Release|Any CPU.ActiveCfg = Release|Any CPU
		{823C244E-3D8C-442D-9CCC-A39182C9B9BC}.Release|Any CPU.Build.0 = Release|Any CPU
		{9E9E29DB-7CE7-4FA9-A31C-DB172AD9AE31}.Debug|Any CPU.ActiveCfg = Debug|Any CPU
		{9E9E29DB-7CE7-4FA9-A31C-DB172AD9AE31}.Debug|Any CPU.Build.0 = Debug|Any CPU
		{9E9E29DB-7CE7-4FA9-A31C-DB172AD9AE31}.Release|Any CPU.ActiveCfg = Release|Any CPU
		{9E9E29DB-7CE7-4FA9-A31C-DB172AD9AE31}.Release|Any CPU.Build.0 = Release|Any CPU
		{4F684200-6CD0-4353-A8CD-906FC252502F}.Debug|Any CPU.ActiveCfg = Debug|Any CPU
		{4F684200-6CD0-4353-A8CD-906FC252502F}.Debug|Any CPU.Build.0 = Debug|Any CPU
		{4F684200-6CD0-4353-A8CD-906FC252502F}.Release|Any CPU.ActiveCfg = Release|Any CPU
		{4F684200-6CD0-4353-A8CD-906FC252502F}.Release|Any CPU.Build.0 = Release|Any CPU
		{09CF4C07-2400-479F-9B4F-6D4B8BD8A7A0}.Debug|Any CPU.ActiveCfg = Debug|Any CPU
		{09CF4C07-2400-479F-9B4F-6D4B8BD8A7A0}.Debug|Any CPU.Build.0 = Debug|Any CPU
		{09CF4C07-2400-479F-9B4F-6D4B8BD8A7A0}.Release|Any CPU.ActiveCfg = Release|Any CPU
		{09CF4C07-2400-479F-9B4F-6D4B8BD8A7A0}.Release|Any CPU.Build.0 = Release|Any CPU
		{10CA51A4-2EE0-46B8-A257-DB9D26565C33}.Debug|Any CPU.ActiveCfg = Debug|Any CPU
		{10CA51A4-2EE0-46B8-A257-DB9D26565C33}.Debug|Any CPU.Build.0 = Debug|Any CPU
		{10CA51A4-2EE0-46B8-A257-DB9D26565C33}.Release|Any CPU.ActiveCfg = Release|Any CPU
		{10CA51A4-2EE0-46B8-A257-DB9D26565C33}.Release|Any CPU.Build.0 = Release|Any CPU
		{4B9FACAA-999F-4339-8352-6CDC899CE9D3}.Debug|Any CPU.ActiveCfg = Debug|Any CPU
		{4B9FACAA-999F-4339-8352-6CDC899CE9D3}.Debug|Any CPU.Build.0 = Debug|Any CPU
		{4B9FACAA-999F-4339-8352-6CDC899CE9D3}.Release|Any CPU.ActiveCfg = Release|Any CPU
		{4B9FACAA-999F-4339-8352-6CDC899CE9D3}.Release|Any CPU.Build.0 = Release|Any CPU
		{54710F34-7E08-48FB-9B0C-9C8DD0260E6C}.Debug|Any CPU.ActiveCfg = Debug|Any CPU
		{54710F34-7E08-48FB-9B0C-9C8DD0260E6C}.Debug|Any CPU.Build.0 = Debug|Any CPU
		{54710F34-7E08-48FB-9B0C-9C8DD0260E6C}.Release|Any CPU.ActiveCfg = Release|Any CPU
		{54710F34-7E08-48FB-9B0C-9C8DD0260E6C}.Release|Any CPU.Build.0 = Release|Any CPU
		{BF2EFF1B-3984-482B-894F-CB3443BA93B3}.Debug|Any CPU.ActiveCfg = Debug|Any CPU
		{BF2EFF1B-3984-482B-894F-CB3443BA93B3}.Debug|Any CPU.Build.0 = Debug|Any CPU
		{BF2EFF1B-3984-482B-894F-CB3443BA93B3}.Release|Any CPU.ActiveCfg = Release|Any CPU
		{BF2EFF1B-3984-482B-894F-CB3443BA93B3}.Release|Any CPU.Build.0 = Release|Any CPU
		{77EC5FE4-EFD1-4BEF-AB6A-BA1C475BE2AA}.Debug|Any CPU.ActiveCfg = Debug|Any CPU
		{77EC5FE4-EFD1-4BEF-AB6A-BA1C475BE2AA}.Debug|Any CPU.Build.0 = Debug|Any CPU
		{77EC5FE4-EFD1-4BEF-AB6A-BA1C475BE2AA}.Release|Any CPU.ActiveCfg = Release|Any CPU
		{77EC5FE4-EFD1-4BEF-AB6A-BA1C475BE2AA}.Release|Any CPU.Build.0 = Release|Any CPU
		{E276B42E-D0EB-4A1A-BF4E-D834FF462464}.Debug|Any CPU.ActiveCfg = Debug|Any CPU
		{E276B42E-D0EB-4A1A-BF4E-D834FF462464}.Debug|Any CPU.Build.0 = Debug|Any CPU
		{E276B42E-D0EB-4A1A-BF4E-D834FF462464}.Release|Any CPU.ActiveCfg = Release|Any CPU
		{E276B42E-D0EB-4A1A-BF4E-D834FF462464}.Release|Any CPU.Build.0 = Release|Any CPU
		{D51A9BBA-1F9A-47C3-8BEB-E60A75A0D34A}.Debug|Any CPU.ActiveCfg = Debug|Any CPU
		{D51A9BBA-1F9A-47C3-8BEB-E60A75A0D34A}.Debug|Any CPU.Build.0 = Debug|Any CPU
		{D51A9BBA-1F9A-47C3-8BEB-E60A75A0D34A}.Release|Any CPU.ActiveCfg = Release|Any CPU
		{D51A9BBA-1F9A-47C3-8BEB-E60A75A0D34A}.Release|Any CPU.Build.0 = Release|Any CPU
		{3FAB9535-BE8F-48CB-9770-0A6A2D06E4EF}.Debug|Any CPU.ActiveCfg = Debug|Any CPU
		{3FAB9535-BE8F-48CB-9770-0A6A2D06E4EF}.Debug|Any CPU.Build.0 = Debug|Any CPU
		{3FAB9535-BE8F-48CB-9770-0A6A2D06E4EF}.Release|Any CPU.ActiveCfg = Release|Any CPU
		{3FAB9535-BE8F-48CB-9770-0A6A2D06E4EF}.Release|Any CPU.Build.0 = Release|Any CPU
		{E90DE608-C71D-4C27-9454-8A3A1B2033AA}.Debug|Any CPU.ActiveCfg = Debug|Any CPU
		{E90DE608-C71D-4C27-9454-8A3A1B2033AA}.Debug|Any CPU.Build.0 = Debug|Any CPU
		{E90DE608-C71D-4C27-9454-8A3A1B2033AA}.Release|Any CPU.ActiveCfg = Release|Any CPU
		{E90DE608-C71D-4C27-9454-8A3A1B2033AA}.Release|Any CPU.Build.0 = Release|Any CPU
	EndGlobalSection
	GlobalSection(SolutionProperties) = preSolution
		HideSolutionNode = FALSE
	EndGlobalSection
	GlobalSection(NestedProjects) = preSolution
		{FE5FDD91-4C7B-443B-AF81-8AB59CC1E0C8} = {568D619C-7FF9-4B77-BDC5-37D97FFF2A58}
		{CDE3AA45-E376-4D59-9174-AA42C63EEEFC} = {568D619C-7FF9-4B77-BDC5-37D97FFF2A58}
		{91983764-A493-4566-81DF-2F53EB7C6076} = {568D619C-7FF9-4B77-BDC5-37D97FFF2A58}
		{EB6D1849-FD2E-4D7A-86E9-EB4872608329} = {568D619C-7FF9-4B77-BDC5-37D97FFF2A58}
		{7573FBA6-86DB-44EE-BDC8-F5DF075CDF88} = {EB6D1849-FD2E-4D7A-86E9-EB4872608329}
		{C8AB9E96-08D3-4707-AB5D-FBFDDB3EE8CE} = {FE5FDD91-4C7B-443B-AF81-8AB59CC1E0C8}
		{766CE820-F28E-4B72-9FE2-B25DF2AC3D37} = {CDE3AA45-E376-4D59-9174-AA42C63EEEFC}
		{77BC504C-44CD-460D-85CA-AC6A8D17B654} = {FE5FDD91-4C7B-443B-AF81-8AB59CC1E0C8}
		{3AF5971E-7082-424D-ACF9-1B5CEE70B7A1} = {568D619C-7FF9-4B77-BDC5-37D97FFF2A58}
		{E4AD49C2-BC0D-4852-AA24-47056988A434} = {3AF5971E-7082-424D-ACF9-1B5CEE70B7A1}
		{CFB0C5E1-6598-404C-92AC-927D5BA976BC} = {568D619C-7FF9-4B77-BDC5-37D97FFF2A58}
		{132859D0-65CD-4C67-BDB9-9F37812058BA} = {CFB0C5E1-6598-404C-92AC-927D5BA976BC}
		{562FC8CE-40EC-44ED-9ADA-82A5E947860C} = {B344723C-531F-4603-9029-7F3BC397EA73}
		{180A08C2-3AFC-4831-BD2A-C7AE0C248C5C} = {3CF7F540-7A8C-4B7A-9EF6-E78441F4D900}
		{3CF7F540-7A8C-4B7A-9EF6-E78441F4D900} = {568D619C-7FF9-4B77-BDC5-37D97FFF2A58}
		{055A3C44-3BE9-4B8C-B13E-5B4ED75F86BE} = {49003256-E5AC-473A-8A44-D5BEA2874A89}
		{14DB75FC-AB06-4F1A-9809-37C69669557E} = {FA6EE94A-06E6-4621-89C6-EDE430C5887F}
		{529C6583-ACDB-46E1-92D3-FE3E910EC915} = {14DB75FC-AB06-4F1A-9809-37C69669557E}
		{11099116-2EC6-4022-9726-0C03AF2CFB8C} = {055A3C44-3BE9-4B8C-B13E-5B4ED75F86BE}
		{0BDE2FE0-BF56-4F75-AF94-E659567701A2} = {055A3C44-3BE9-4B8C-B13E-5B4ED75F86BE}
		{2AA9C6C7-C4AB-49D3-A89B-5774425CB567} = {57417450-9C95-4BC9-A378-FADA5190AE2D}
		{807B20D7-9B71-4F93-AAFE-3129AB88FB86} = {568D619C-7FF9-4B77-BDC5-37D97FFF2A58}
		{179268BE-251B-4C7D-8E10-A9D61B186ADC} = {807B20D7-9B71-4F93-AAFE-3129AB88FB86}
		{ABCC8CFD-4D53-42D5-9B73-695184BB793E} = {FA6EE94A-06E6-4621-89C6-EDE430C5887F}
		{B4616F9C-C510-4AC7-8AE5-9EB001CF7315} = {ABCC8CFD-4D53-42D5-9B73-695184BB793E}
		{B5A31DAF-4B8E-48DF-8083-EF10B777603D} = {ABCC8CFD-4D53-42D5-9B73-695184BB793E}
		{7B6C336C-CCB4-447D-AAF8-C41474AA42BD} = {91983764-A493-4566-81DF-2F53EB7C6076}
		{CA24D5C5-3F54-4CDC-8B1A-3DA6E61283ED} = {568D619C-7FF9-4B77-BDC5-37D97FFF2A58}
		{94354E41-A37A-4863-8577-FDB3AAC76E11} = {CA24D5C5-3F54-4CDC-8B1A-3DA6E61283ED}
		{AE559D8D-E3BD-4B18-B27E-074F26446D68} = {CA24D5C5-3F54-4CDC-8B1A-3DA6E61283ED}
		{28DD356E-2E43-46B3-8BB2-983BB10408B4} = {CA24D5C5-3F54-4CDC-8B1A-3DA6E61283ED}
		{88260B87-6FBB-4655-B285-5E264F3F5FEA} = {CA24D5C5-3F54-4CDC-8B1A-3DA6E61283ED}
		{A4D4E1F9-CC55-4E15-B261-0CDE0AA7CE33} = {CA24D5C5-3F54-4CDC-8B1A-3DA6E61283ED}
		{BF053AFE-EC0B-4253-A347-AF4A17B91729} = {568D619C-7FF9-4B77-BDC5-37D97FFF2A58}
		{083B4526-4EC6-467A-A078-FED1C8E1359A} = {BF053AFE-EC0B-4253-A347-AF4A17B91729}
		{0CF09B9E-F890-448F-87AD-DD2839F81E70} = {BF053AFE-EC0B-4253-A347-AF4A17B91729}
		{C2034834-A217-4593-855F-D8716A7A210B} = {BF053AFE-EC0B-4253-A347-AF4A17B91729}
		{31D3E4E3-17A6-4C4F-9A7C-4884208207C1} = {BF053AFE-EC0B-4253-A347-AF4A17B91729}
		{5BD34769-BC9D-4959-87B4-6BBDF054B1D2} = {BF053AFE-EC0B-4253-A347-AF4A17B91729}
		{B50565AA-4568-4826-BB5E-E117EF0FA520} = {BF053AFE-EC0B-4253-A347-AF4A17B91729}
		{53B6F11E-F8F6-4C99-888A-5131470C7256} = {49003256-E5AC-473A-8A44-D5BEA2874A89}
		{49003256-E5AC-473A-8A44-D5BEA2874A89} = {FA6EE94A-06E6-4621-89C6-EDE430C5887F}
		{6D17D8D5-E5CB-4D81-BC1E-A498F63C2984} = {53B6F11E-F8F6-4C99-888A-5131470C7256}
		{6C1CB36E-DDD4-44E3-A812-792CE351E5DB} = {FA6EE94A-06E6-4621-89C6-EDE430C5887F}
		{823C244E-3D8C-442D-9CCC-A39182C9B9BC} = {6C1CB36E-DDD4-44E3-A812-792CE351E5DB}
		{0E41D005-436D-4EBA-8449-47282FAF68C9} = {568D619C-7FF9-4B77-BDC5-37D97FFF2A58}
		{9E9E29DB-7CE7-4FA9-A31C-DB172AD9AE31} = {0E41D005-436D-4EBA-8449-47282FAF68C9}
		{4F684200-6CD0-4353-A8CD-906FC252502F} = {0E41D005-436D-4EBA-8449-47282FAF68C9}
		{09CF4C07-2400-479F-9B4F-6D4B8BD8A7A0} = {0E41D005-436D-4EBA-8449-47282FAF68C9}
		{10CA51A4-2EE0-46B8-A257-DB9D26565C33} = {0E41D005-436D-4EBA-8449-47282FAF68C9}
		{4B9FACAA-999F-4339-8352-6CDC899CE9D3} = {0E41D005-436D-4EBA-8449-47282FAF68C9}
		{54710F34-7E08-48FB-9B0C-9C8DD0260E6C} = {CDE3AA45-E376-4D59-9174-AA42C63EEEFC}
		{BF2EFF1B-3984-482B-894F-CB3443BA93B3} = {CDE3AA45-E376-4D59-9174-AA42C63EEEFC}
		{77EC5FE4-EFD1-4BEF-AB6A-BA1C475BE2AA} = {CDE3AA45-E376-4D59-9174-AA42C63EEEFC}
		{E276B42E-D0EB-4A1A-BF4E-D834FF462464} = {CDE3AA45-E376-4D59-9174-AA42C63EEEFC}
		{45C90D31-61A3-42F6-BBB5-1B426DC2DA6D} = {8E0724A5-6B17-4699-836F-445ACB28A4C7}
		{B344723C-531F-4603-9029-7F3BC397EA73} = {8E0724A5-6B17-4699-836F-445ACB28A4C7}
		{57417450-9C95-4BC9-A378-FADA5190AE2D} = {8E0724A5-6B17-4699-836F-445ACB28A4C7}
		{D51A9BBA-1F9A-47C3-8BEB-E60A75A0D34A} = {4CC1C11D-7690-45C0-98FD-132A733317CB}
		{3FAB9535-BE8F-48CB-9770-0A6A2D06E4EF} = {4CC1C11D-7690-45C0-98FD-132A733317CB}
		{E90DE608-C71D-4C27-9454-8A3A1B2033AA} = {4CC1C11D-7690-45C0-98FD-132A733317CB}
		{4CC1C11D-7690-45C0-98FD-132A733317CB} = {45C90D31-61A3-42F6-BBB5-1B426DC2DA6D}
	EndGlobalSection
	GlobalSection(ExtensibilityGlobals) = postSolution
		SolutionGuid = {61E0CB2F-1B7F-4DEF-9463-F5C807E66E33}
	EndGlobalSection
EndGlobal
