
Microsoft Visual Studio Solution File, Format Version 12.00
# Visual Studio Version 16
VisualStudioVersion = 16.0.31025.194
MinimumVisualStudioVersion = 10.0.40219.1
Project("{E53339B2-1760-4266-BCC7-CA923CBCF16C}") = "docker-compose", "docker-compose.dcproj", "{63F0AC7C-6516-463D-B542-2E9052839E48}"
EndProject
Project("{2150E333-8FDC-42A3-9474-1A3956D46DE8}") = "Services", "Services", "{568D619C-7FF9-4B77-BDC5-37D97FFF2A58}"
EndProject
Project("{2150E333-8FDC-42A3-9474-1A3956D46DE8}") = "Discount", "Discount", "{FE5FDD91-4C7B-443B-AF81-8AB59CC1E0C8}"
EndProject
Project("{2150E333-8FDC-42A3-9474-1A3956D46DE8}") = "Catalog", "Catalog", "{CDE3AA45-E376-4D59-9174-AA42C63EEEFC}"
EndProject
Project("{2150E333-8FDC-42A3-9474-1A3956D46DE8}") = "API-Gateways", "API-Gateways", "{91983764-A493-4566-81DF-2F53EB7C6076}"
EndProject
Project("{2150E333-8FDC-42A3-9474-1A3956D46DE8}") = "Basket", "Basket", "{EB6D1849-FD2E-4D7A-86E9-EB4872608329}"
EndProject
Project("{9A19103F-16F7-4668-BE54-9A1E7A4F7556}") = "Basket.API", "src\services\Basket\Basket.API\Basket.API.csproj", "{7573FBA6-86DB-44EE-BDC8-F5DF075CDF88}"
EndProject
Project("{9A19103F-16F7-4668-BE54-9A1E7A4F7556}") = "Discount.API", "src\services\Discount\Discount.API\Discount.API.csproj", "{C8AB9E96-08D3-4707-AB5D-FBFDDB3EE8CE}"
EndProject
Project("{9A19103F-16F7-4668-BE54-9A1E7A4F7556}") = "Catalog.API", "src\services\Catalog\Catalog.API\Catalog.API.csproj", "{766CE820-F28E-4B72-9FE2-B25DF2AC3D37}"
EndProject
Project("{9A19103F-16F7-4668-BE54-9A1E7A4F7556}") = "WebAPI-GW", "src\services\API-Gws\WebAPI-GW\WebAPI-GW.csproj", "{739CE8AE-8CE7-4E62-B0BF-502FAF5B5AFF}"
EndProject
Global
	GlobalSection(SolutionConfigurationPlatforms) = preSolution
		Debug|Any CPU = Debug|Any CPU
		Release|Any CPU = Release|Any CPU
	EndGlobalSection
	GlobalSection(ProjectConfigurationPlatforms) = postSolution
		{63F0AC7C-6516-463D-B542-2E9052839E48}.Debug|Any CPU.ActiveCfg = Debug|Any CPU
		{63F0AC7C-6516-463D-B542-2E9052839E48}.Debug|Any CPU.Build.0 = Debug|Any CPU
		{63F0AC7C-6516-463D-B542-2E9052839E48}.Release|Any CPU.ActiveCfg = Release|Any CPU
		{63F0AC7C-6516-463D-B542-2E9052839E48}.Release|Any CPU.Build.0 = Release|Any CPU
		{7573FBA6-86DB-44EE-BDC8-F5DF075CDF88}.Debug|Any CPU.ActiveCfg = Debug|Any CPU
		{7573FBA6-86DB-44EE-BDC8-F5DF075CDF88}.Debug|Any CPU.Build.0 = Debug|Any CPU
		{7573FBA6-86DB-44EE-BDC8-F5DF075CDF88}.Release|Any CPU.ActiveCfg = Release|Any CPU
		{7573FBA6-86DB-44EE-BDC8-F5DF075CDF88}.Release|Any CPU.Build.0 = Release|Any CPU
		{C8AB9E96-08D3-4707-AB5D-FBFDDB3EE8CE}.Debug|Any CPU.ActiveCfg = Debug|Any CPU
		{C8AB9E96-08D3-4707-AB5D-FBFDDB3EE8CE}.Debug|Any CPU.Build.0 = Debug|Any CPU
		{C8AB9E96-08D3-4707-AB5D-FBFDDB3EE8CE}.Release|Any CPU.ActiveCfg = Release|Any CPU
		{C8AB9E96-08D3-4707-AB5D-FBFDDB3EE8CE}.Release|Any CPU.Build.0 = Release|Any CPU
		{766CE820-F28E-4B72-9FE2-B25DF2AC3D37}.Debug|Any CPU.ActiveCfg = Debug|Any CPU
		{766CE820-F28E-4B72-9FE2-B25DF2AC3D37}.Debug|Any CPU.Build.0 = Debug|Any CPU
		{766CE820-F28E-4B72-9FE2-B25DF2AC3D37}.Release|Any CPU.ActiveCfg = Release|Any CPU
		{766CE820-F28E-4B72-9FE2-B25DF2AC3D37}.Release|Any CPU.Build.0 = Release|Any CPU
		{739CE8AE-8CE7-4E62-B0BF-502FAF5B5AFF}.Debug|Any CPU.ActiveCfg = Debug|Any CPU
		{739CE8AE-8CE7-4E62-B0BF-502FAF5B5AFF}.Debug|Any CPU.Build.0 = Debug|Any CPU
		{739CE8AE-8CE7-4E62-B0BF-502FAF5B5AFF}.Release|Any CPU.ActiveCfg = Release|Any CPU
		{739CE8AE-8CE7-4E62-B0BF-502FAF5B5AFF}.Release|Any CPU.Build.0 = Release|Any CPU
	EndGlobalSection
	GlobalSection(SolutionProperties) = preSolution
		HideSolutionNode = FALSE
	EndGlobalSection
	GlobalSection(NestedProjects) = preSolution
		{FE5FDD91-4C7B-443B-AF81-8AB59CC1E0C8} = {568D619C-7FF9-4B77-BDC5-37D97FFF2A58}
		{CDE3AA45-E376-4D59-9174-AA42C63EEEFC} = {568D619C-7FF9-4B77-BDC5-37D97FFF2A58}
		{91983764-A493-4566-81DF-2F53EB7C6076} = {568D619C-7FF9-4B77-BDC5-37D97FFF2A58}
		{EB6D1849-FD2E-4D7A-86E9-EB4872608329} = {568D619C-7FF9-4B77-BDC5-37D97FFF2A58}
		{7573FBA6-86DB-44EE-BDC8-F5DF075CDF88} = {EB6D1849-FD2E-4D7A-86E9-EB4872608329}
		{C8AB9E96-08D3-4707-AB5D-FBFDDB3EE8CE} = {FE5FDD91-4C7B-443B-AF81-8AB59CC1E0C8}
		{766CE820-F28E-4B72-9FE2-B25DF2AC3D37} = {CDE3AA45-E376-4D59-9174-AA42C63EEEFC}
		{739CE8AE-8CE7-4E62-B0BF-502FAF5B5AFF} = {91983764-A493-4566-81DF-2F53EB7C6076}
	EndGlobalSection
	GlobalSection(ExtensibilityGlobals) = postSolution
		SolutionGuid = {61E0CB2F-1B7F-4DEF-9463-F5C807E66E33}
	EndGlobalSection
EndGlobal
