
Microsoft Visual Studio Solution File, Format Version 12.00
# Visual Studio Version 17
VisualStudioVersion = 17.2.32630.192
MinimumVisualStudioVersion = 10.0.40219.1
Project("{E53339B2-1760-4266-BCC7-CA923CBCF16C}") = "docker-compose", "docker-compose.dcproj", "{63F0AC7C-6516-463D-B542-2E9052839E48}"
EndProject
Project("{2150E333-8FDC-42A3-9474-1A3956D46DE8}") = "Services", "Services", "{568D619C-7FF9-4B77-BDC5-37D97FFF2A58}"
EndProject
Project("{2150E333-8FDC-42A3-9474-1A3956D46DE8}") = "ApiGateways", "ApiGateways", "{91983764-A493-4566-81DF-2F53EB7C6076}"
EndProject
Project("{2150E333-8FDC-42A3-9474-1A3956D46DE8}") = "WebApps", "WebApps", "{8E0724A5-6B17-4699-836F-445ACB28A4C7}"
EndProject
Project("{2150E333-8FDC-42A3-9474-1A3956D46DE8}") = "Nugets", "Nugets", "{FA6EE94A-06E6-4621-89C6-EDE430C5887F}"
EndProject
Project("{2150E333-8FDC-42A3-9474-1A3956D46DE8}") = "MongoWrapper", "MongoWrapper", "{055A3C44-3BE9-4B8C-B13E-5B4ED75F86BE}"
EndProject
Project("{2150E333-8FDC-42A3-9474-1A3956D46DE8}") = "Configuration", "Configuration", "{14DB75FC-AB06-4F1A-9809-37C69669557E}"
EndProject
Project("{9A19103F-16F7-4668-BE54-9A1E7A4F7556}") = "NetMicroservices.ServiceConfig.Nuget", "src\nugets\NetMicroservices.Configuration\NetMicroservices.ServiceConfig\NetMicroservices.ServiceConfig.Nuget\NetMicroservices.ServiceConfig.Nuget.csproj", "{529C6583-ACDB-46E1-92D3-FE3E910EC915}"
EndProject
Project("{9A19103F-16F7-4668-BE54-9A1E7A4F7556}") = "NetMicroservices.MongoDbWrapper.Nuget", "src\nugets\NetMicroservices.Dbs\NetMicroservices.MongoDbWrapper\NetMicroservices.MongoDbWrapper.Nuget\NetMicroservices.MongoDbWrapper.Nuget.csproj", "{11099116-2EC6-4022-9726-0C03AF2CFB8C}"
EndProject
Project("{9A19103F-16F7-4668-BE54-9A1E7A4F7556}") = "NetMicroservices.MongoDbWrapper.Tests", "src\nugets\NetMicroservices.Dbs\NetMicroservices.MongoDbWrapper\NetMicroservices.MongoDbWrapper.Tests\NetMicroservices.MongoDbWrapper.Tests.csproj", "{0BDE2FE0-BF56-4F75-AF94-E659567701A2}"
EndProject
Project("{2150E333-8FDC-42A3-9474-1A3956D46DE8}") = "RabbitMQWrapper", "RabbitMQWrapper", "{ABCC8CFD-4D53-42D5-9B73-695184BB793E}"
EndProject
Project("{9A19103F-16F7-4668-BE54-9A1E7A4F7556}") = "NetMicroservices.RabbitMqWrapper.Nuget", "src\nugets\NetMicroservices.Messaging\RabbitMqWrapper\NetMicroservices.RabbitMqWrapper.Nuget\NetMicroservices.RabbitMqWrapper.Nuget.csproj", "{B4616F9C-C510-4AC7-8AE5-9EB001CF7315}"
EndProject
Project("{9A19103F-16F7-4668-BE54-9A1E7A4F7556}") = "NetMicroservices.MessageContracts.Nuget", "src\nugets\NetMicroservices.Messaging\MessageContracts\NetMicroservices.MessageContracts.Nuget\NetMicroservices.MessageContracts.Nuget.csproj", "{B5A31DAF-4B8E-48DF-8083-EF10B777603D}"
EndProject
Project("{2150E333-8FDC-42A3-9474-1A3956D46DE8}") = "SqlWrapper", "SqlWrapper", "{53B6F11E-F8F6-4C99-888A-5131470C7256}"
EndProject
Project("{2150E333-8FDC-42A3-9474-1A3956D46DE8}") = "Dbs", "Dbs", "{49003256-E5AC-473A-8A44-D5BEA2874A89}"
EndProject
Project("{9A19103F-16F7-4668-BE54-9A1E7A4F7556}") = "NetMicroservices.SqlWrapper.Nuget", "src\nugets\NetMicroservices.Dbs\NetMicroservices.SqlWrapper\NetMicroservices.SqlWrapper.Nuget\NetMicroservices.SqlWrapper.Nuget.csproj", "{6D17D8D5-E5CB-4D81-BC1E-A498F63C2984}"
EndProject
Project("{2150E333-8FDC-42A3-9474-1A3956D46DE8}") = "MediatorWrapper", "MediatorWrapper", "{6C1CB36E-DDD4-44E3-A812-792CE351E5DB}"
EndProject
Project("{9A19103F-16F7-4668-BE54-9A1E7A4F7556}") = "NetMicroservices.MediatorWrapper.Nuget", "src\nugets\NetMicroservices.Messaging\MediatorWrapper\NetMicroservices.MediatorWrapper.Nuget\NetMicroservices.MediatorWrapper.Nuget.csproj", "{823C244E-3D8C-442D-9CCC-A39182C9B9BC}"
EndProject
Project("{2150E333-8FDC-42A3-9474-1A3956D46DE8}") = "ProjectDetail", "ProjectDetail", "{0E41D005-436D-4EBA-8449-47282FAF68C9}"
EndProject
Project("{9A19103F-16F7-4668-BE54-9A1E7A4F7556}") = "ProjectDetail.Domain", "src\services\ProjectDetail\ProjectDetail.Domain\ProjectDetail.Domain.csproj", "{4F684200-6CD0-4353-A8CD-906FC252502F}"
EndProject
Project("{9A19103F-16F7-4668-BE54-9A1E7A4F7556}") = "ProjectDetail.Application", "src\services\ProjectDetail\ProjectDetail.Application\ProjectDetail.Application.csproj", "{09CF4C07-2400-479F-9B4F-6D4B8BD8A7A0}"
EndProject
Project("{9A19103F-16F7-4668-BE54-9A1E7A4F7556}") = "ProjectDetail.Infrastructure", "src\services\ProjectDetail\ProjectDetail.Infrastructure\ProjectDetail.Infrastructure.csproj", "{10CA51A4-2EE0-46B8-A257-DB9D26565C33}"
EndProject
Project("{9A19103F-16F7-4668-BE54-9A1E7A4F7556}") = "ProjectDetail.Persistence", "src\services\ProjectDetail\ProjectDetail.Persistence\ProjectDetail.Persistence.csproj", "{4B9FACAA-999F-4339-8352-6CDC899CE9D3}"
EndProject
Project("{2150E333-8FDC-42A3-9474-1A3956D46DE8}") = "Blazor", "Blazor", "{45C90D31-61A3-42F6-BBB5-1B426DC2DA6D}"
EndProject
Project("{9A19103F-16F7-4668-BE54-9A1E7A4F7556}") = "Web.Blazor.Client", "src\webapps\Web.Blazor\Client\Web.Blazor.Client.csproj", "{D51A9BBA-1F9A-47C3-8BEB-E60A75A0D34A}"
EndProject
Project("{9A19103F-16F7-4668-BE54-9A1E7A4F7556}") = "Web.Blazor.Shared", "src\webapps\Web.Blazor\Shared\Web.Blazor.Shared.csproj", "{3FAB9535-BE8F-48CB-9770-0A6A2D06E4EF}"
EndProject
Project("{9A19103F-16F7-4668-BE54-9A1E7A4F7556}") = "Web.Blazor.Server", "src\webapps\Web.Blazor\Server\Web.Blazor.Server.csproj", "{E90DE608-C71D-4C27-9454-8A3A1B2033AA}"
EndProject
Project("{2150E333-8FDC-42A3-9474-1A3956D46DE8}") = "WebAssembly", "WebAssembly", "{4CC1C11D-7690-45C0-98FD-132A733317CB}"
EndProject
Project("{2150E333-8FDC-42A3-9474-1A3956D46DE8}") = "Product", "Product", "{D6ADF0EC-31DC-455C-9D94-BADC5A34E101}"
EndProject
Project("{9A19103F-16F7-4668-BE54-9A1E7A4F7556}") = "Product.Domain", "src\services\Product\Product.Domain\Product.Domain.csproj", "{B1104BA5-11E7-4F45-A612-1820605FC36C}"
EndProject
Project("{9A19103F-16F7-4668-BE54-9A1E7A4F7556}") = "Product.Application", "src\services\Product\Product.Application\Product.Application.csproj", "{C939EB85-5D07-4960-B7E1-A130483C2F90}"
EndProject
Project("{9A19103F-16F7-4668-BE54-9A1E7A4F7556}") = "Product.Persistence", "src\services\Product\Product.Persistence\Product.Persistence.csproj", "{1EDF4E0A-D976-43A4-B16A-88319418656E}"
EndProject
Project("{9A19103F-16F7-4668-BE54-9A1E7A4F7556}") = "Product.Infrastructure", "src\services\Product\Product.Infrastructure\Product.Infrastructure.csproj", "{F1039FBC-268E-4D09-92D2-9E229E5A1CA7}"
EndProject
Project("{9A19103F-16F7-4668-BE54-9A1E7A4F7556}") = "ProjectDetail.API", "src\services\ProjectDetail\ProjectDetail.API\ProjectDetail.API.csproj", "{1D7FD7D3-BFA3-43F1-B826-21C269D2FEBA}"
EndProject
Project("{9A19103F-16F7-4668-BE54-9A1E7A4F7556}") = "Product.API", "src\services\Product\Product.API\Product.API.csproj", "{61D37676-3038-4986-B6EB-0E8D5CFB9426}"
EndProject
Project("{2150E333-8FDC-42A3-9474-1A3956D46DE8}") = "User", "User", "{0731551E-7938-4550-9562-2221521898AF}"
EndProject
Project("{9A19103F-16F7-4668-BE54-9A1E7A4F7556}") = "User.API", "src\services\User\User.API\User.API.csproj", "{740534CC-AC0B-4288-856D-63A764E1C2ED}"
EndProject
Project("{9A19103F-16F7-4668-BE54-9A1E7A4F7556}") = "User.Domain", "src\services\User\User.Domain\User.Domain.csproj", "{5B7F52B1-C2C9-47AC-AB7C-AE7C99EE8744}"
EndProject
Project("{9A19103F-16F7-4668-BE54-9A1E7A4F7556}") = "User.Application", "src\services\User\User.Application\User.Application.csproj", "{76CF1D22-46B7-4B7B-9466-8BD3D4C52502}"
EndProject
Project("{9A19103F-16F7-4668-BE54-9A1E7A4F7556}") = "User.Persistence", "src\services\User\User.Persistence\User.Persistence.csproj", "{5587B92C-52BE-46EA-A148-DF9880B4532B}"
EndProject
Project("{9A19103F-16F7-4668-BE54-9A1E7A4F7556}") = "User.Infrastructure", "src\services\User\User.Infrastructure\User.Infrastructure.csproj", "{067451C0-F2FE-401A-8424-4DAAB97056BF}"
EndProject
Project("{9A19103F-16F7-4668-BE54-9A1E7A4F7556}") = "Product.Tests", "src\services\Product\Product.Tests\Product.Tests.csproj", "{CD9D8527-72A4-4E6A-9CF0-AC86196CF62E}"
EndProject
Project("{2150E333-8FDC-42A3-9474-1A3956D46DE8}") = "IdentityServer", "IdentityServer", "{548AA7A5-A74F-4E14-A438-5CB17765B40E}"
EndProject
Project("{9A19103F-16F7-4668-BE54-9A1E7A4F7556}") = "IdentityAuth", "src\services\IdentityAuth\IdentityAuth.csproj", "{70DAF391-9DA7-4A8D-B758-226FDE8B0F81}"
EndProject
Project("{9A19103F-16F7-4668-BE54-9A1E7A4F7556}") = "Web.Gw", "src\services\API-Gws\Web.Gw\Web.Gw.csproj", "{7DC1B30E-12B6-4786-8308-07E4EFDB24C1}"
EndProject
Project("{2150E333-8FDC-42A3-9474-1A3956D46DE8}") = "Mvc", "Mvc", "{D839E91C-6514-4F66-AA33-CB5E6FD63A28}"
EndProject
Project("{FAE04EC0-301F-11D3-BF4B-00C04F79EFBC}") = "Web.Mvc", "src\webapps\Web.Mvc\Web.Mvc.csproj", "{D58C7599-A761-42F6-B09D-F190806BBADA}"
EndProject
Global
	GlobalSection(SolutionConfigurationPlatforms) = preSolution
		Debug|Any CPU = Debug|Any CPU
		Release|Any CPU = Release|Any CPU
	EndGlobalSection
	GlobalSection(ProjectConfigurationPlatforms) = postSolution
		{63F0AC7C-6516-463D-B542-2E9052839E48}.Debug|Any CPU.ActiveCfg = Debug|Any CPU
		{63F0AC7C-6516-463D-B542-2E9052839E48}.Debug|Any CPU.Build.0 = Debug|Any CPU
		{63F0AC7C-6516-463D-B542-2E9052839E48}.Release|Any CPU.ActiveCfg = Release|Any CPU
		{63F0AC7C-6516-463D-B542-2E9052839E48}.Release|Any CPU.Build.0 = Release|Any CPU
		{529C6583-ACDB-46E1-92D3-FE3E910EC915}.Debug|Any CPU.ActiveCfg = Debug|Any CPU
		{529C6583-ACDB-46E1-92D3-FE3E910EC915}.Debug|Any CPU.Build.0 = Debug|Any CPU
		{529C6583-ACDB-46E1-92D3-FE3E910EC915}.Release|Any CPU.ActiveCfg = Release|Any CPU
		{529C6583-ACDB-46E1-92D3-FE3E910EC915}.Release|Any CPU.Build.0 = Release|Any CPU
		{11099116-2EC6-4022-9726-0C03AF2CFB8C}.Debug|Any CPU.ActiveCfg = Debug|Any CPU
		{11099116-2EC6-4022-9726-0C03AF2CFB8C}.Debug|Any CPU.Build.0 = Debug|Any CPU
		{11099116-2EC6-4022-9726-0C03AF2CFB8C}.Release|Any CPU.ActiveCfg = Release|Any CPU
		{11099116-2EC6-4022-9726-0C03AF2CFB8C}.Release|Any CPU.Build.0 = Release|Any CPU
		{0BDE2FE0-BF56-4F75-AF94-E659567701A2}.Debug|Any CPU.ActiveCfg = Debug|Any CPU
		{0BDE2FE0-BF56-4F75-AF94-E659567701A2}.Debug|Any CPU.Build.0 = Debug|Any CPU
		{0BDE2FE0-BF56-4F75-AF94-E659567701A2}.Release|Any CPU.ActiveCfg = Release|Any CPU
		{0BDE2FE0-BF56-4F75-AF94-E659567701A2}.Release|Any CPU.Build.0 = Release|Any CPU
		{B4616F9C-C510-4AC7-8AE5-9EB001CF7315}.Debug|Any CPU.ActiveCfg = Debug|Any CPU
		{B4616F9C-C510-4AC7-8AE5-9EB001CF7315}.Debug|Any CPU.Build.0 = Debug|Any CPU
		{B4616F9C-C510-4AC7-8AE5-9EB001CF7315}.Release|Any CPU.ActiveCfg = Release|Any CPU
		{B4616F9C-C510-4AC7-8AE5-9EB001CF7315}.Release|Any CPU.Build.0 = Release|Any CPU
		{B5A31DAF-4B8E-48DF-8083-EF10B777603D}.Debug|Any CPU.ActiveCfg = Debug|Any CPU
		{B5A31DAF-4B8E-48DF-8083-EF10B777603D}.Debug|Any CPU.Build.0 = Debug|Any CPU
		{B5A31DAF-4B8E-48DF-8083-EF10B777603D}.Release|Any CPU.ActiveCfg = Release|Any CPU
		{B5A31DAF-4B8E-48DF-8083-EF10B777603D}.Release|Any CPU.Build.0 = Release|Any CPU
		{6D17D8D5-E5CB-4D81-BC1E-A498F63C2984}.Debug|Any CPU.ActiveCfg = Debug|Any CPU
		{6D17D8D5-E5CB-4D81-BC1E-A498F63C2984}.Debug|Any CPU.Build.0 = Debug|Any CPU
		{6D17D8D5-E5CB-4D81-BC1E-A498F63C2984}.Release|Any CPU.ActiveCfg = Release|Any CPU
		{6D17D8D5-E5CB-4D81-BC1E-A498F63C2984}.Release|Any CPU.Build.0 = Release|Any CPU
		{823C244E-3D8C-442D-9CCC-A39182C9B9BC}.Debug|Any CPU.ActiveCfg = Debug|Any CPU
		{823C244E-3D8C-442D-9CCC-A39182C9B9BC}.Debug|Any CPU.Build.0 = Debug|Any CPU
		{823C244E-3D8C-442D-9CCC-A39182C9B9BC}.Release|Any CPU.ActiveCfg = Release|Any CPU
		{823C244E-3D8C-442D-9CCC-A39182C9B9BC}.Release|Any CPU.Build.0 = Release|Any CPU
		{4F684200-6CD0-4353-A8CD-906FC252502F}.Debug|Any CPU.ActiveCfg = Debug|Any CPU
		{4F684200-6CD0-4353-A8CD-906FC252502F}.Debug|Any CPU.Build.0 = Debug|Any CPU
		{4F684200-6CD0-4353-A8CD-906FC252502F}.Release|Any CPU.ActiveCfg = Release|Any CPU
		{4F684200-6CD0-4353-A8CD-906FC252502F}.Release|Any CPU.Build.0 = Release|Any CPU
		{09CF4C07-2400-479F-9B4F-6D4B8BD8A7A0}.Debug|Any CPU.ActiveCfg = Debug|Any CPU
		{09CF4C07-2400-479F-9B4F-6D4B8BD8A7A0}.Debug|Any CPU.Build.0 = Debug|Any CPU
		{09CF4C07-2400-479F-9B4F-6D4B8BD8A7A0}.Release|Any CPU.ActiveCfg = Release|Any CPU
		{09CF4C07-2400-479F-9B4F-6D4B8BD8A7A0}.Release|Any CPU.Build.0 = Release|Any CPU
		{10CA51A4-2EE0-46B8-A257-DB9D26565C33}.Debug|Any CPU.ActiveCfg = Debug|Any CPU
		{10CA51A4-2EE0-46B8-A257-DB9D26565C33}.Debug|Any CPU.Build.0 = Debug|Any CPU
		{10CA51A4-2EE0-46B8-A257-DB9D26565C33}.Release|Any CPU.ActiveCfg = Release|Any CPU
		{10CA51A4-2EE0-46B8-A257-DB9D26565C33}.Release|Any CPU.Build.0 = Release|Any CPU
		{4B9FACAA-999F-4339-8352-6CDC899CE9D3}.Debug|Any CPU.ActiveCfg = Debug|Any CPU
		{4B9FACAA-999F-4339-8352-6CDC899CE9D3}.Debug|Any CPU.Build.0 = Debug|Any CPU
		{4B9FACAA-999F-4339-8352-6CDC899CE9D3}.Release|Any CPU.ActiveCfg = Release|Any CPU
		{4B9FACAA-999F-4339-8352-6CDC899CE9D3}.Release|Any CPU.Build.0 = Release|Any CPU
		{D51A9BBA-1F9A-47C3-8BEB-E60A75A0D34A}.Debug|Any CPU.ActiveCfg = Debug|Any CPU
		{D51A9BBA-1F9A-47C3-8BEB-E60A75A0D34A}.Debug|Any CPU.Build.0 = Debug|Any CPU
		{D51A9BBA-1F9A-47C3-8BEB-E60A75A0D34A}.Release|Any CPU.ActiveCfg = Release|Any CPU
		{D51A9BBA-1F9A-47C3-8BEB-E60A75A0D34A}.Release|Any CPU.Build.0 = Release|Any CPU
		{3FAB9535-BE8F-48CB-9770-0A6A2D06E4EF}.Debug|Any CPU.ActiveCfg = Debug|Any CPU
		{3FAB9535-BE8F-48CB-9770-0A6A2D06E4EF}.Debug|Any CPU.Build.0 = Debug|Any CPU
		{3FAB9535-BE8F-48CB-9770-0A6A2D06E4EF}.Release|Any CPU.ActiveCfg = Release|Any CPU
		{3FAB9535-BE8F-48CB-9770-0A6A2D06E4EF}.Release|Any CPU.Build.0 = Release|Any CPU
		{E90DE608-C71D-4C27-9454-8A3A1B2033AA}.Debug|Any CPU.ActiveCfg = Debug|Any CPU
		{E90DE608-C71D-4C27-9454-8A3A1B2033AA}.Debug|Any CPU.Build.0 = Debug|Any CPU
		{E90DE608-C71D-4C27-9454-8A3A1B2033AA}.Release|Any CPU.ActiveCfg = Release|Any CPU
		{E90DE608-C71D-4C27-9454-8A3A1B2033AA}.Release|Any CPU.Build.0 = Release|Any CPU
		{B1104BA5-11E7-4F45-A612-1820605FC36C}.Debug|Any CPU.ActiveCfg = Debug|Any CPU
		{B1104BA5-11E7-4F45-A612-1820605FC36C}.Debug|Any CPU.Build.0 = Debug|Any CPU
		{B1104BA5-11E7-4F45-A612-1820605FC36C}.Release|Any CPU.ActiveCfg = Release|Any CPU
		{B1104BA5-11E7-4F45-A612-1820605FC36C}.Release|Any CPU.Build.0 = Release|Any CPU
		{C939EB85-5D07-4960-B7E1-A130483C2F90}.Debug|Any CPU.ActiveCfg = Debug|Any CPU
		{C939EB85-5D07-4960-B7E1-A130483C2F90}.Debug|Any CPU.Build.0 = Debug|Any CPU
		{C939EB85-5D07-4960-B7E1-A130483C2F90}.Release|Any CPU.ActiveCfg = Release|Any CPU
		{C939EB85-5D07-4960-B7E1-A130483C2F90}.Release|Any CPU.Build.0 = Release|Any CPU
		{1EDF4E0A-D976-43A4-B16A-88319418656E}.Debug|Any CPU.ActiveCfg = Debug|Any CPU
		{1EDF4E0A-D976-43A4-B16A-88319418656E}.Debug|Any CPU.Build.0 = Debug|Any CPU
		{1EDF4E0A-D976-43A4-B16A-88319418656E}.Release|Any CPU.ActiveCfg = Release|Any CPU
		{1EDF4E0A-D976-43A4-B16A-88319418656E}.Release|Any CPU.Build.0 = Release|Any CPU
		{F1039FBC-268E-4D09-92D2-9E229E5A1CA7}.Debug|Any CPU.ActiveCfg = Debug|Any CPU
		{F1039FBC-268E-4D09-92D2-9E229E5A1CA7}.Debug|Any CPU.Build.0 = Debug|Any CPU
		{F1039FBC-268E-4D09-92D2-9E229E5A1CA7}.Release|Any CPU.ActiveCfg = Release|Any CPU
		{F1039FBC-268E-4D09-92D2-9E229E5A1CA7}.Release|Any CPU.Build.0 = Release|Any CPU
		{1D7FD7D3-BFA3-43F1-B826-21C269D2FEBA}.Debug|Any CPU.ActiveCfg = Debug|Any CPU
		{1D7FD7D3-BFA3-43F1-B826-21C269D2FEBA}.Debug|Any CPU.Build.0 = Debug|Any CPU
		{1D7FD7D3-BFA3-43F1-B826-21C269D2FEBA}.Release|Any CPU.ActiveCfg = Release|Any CPU
		{1D7FD7D3-BFA3-43F1-B826-21C269D2FEBA}.Release|Any CPU.Build.0 = Release|Any CPU
		{61D37676-3038-4986-B6EB-0E8D5CFB9426}.Debug|Any CPU.ActiveCfg = Debug|Any CPU
		{61D37676-3038-4986-B6EB-0E8D5CFB9426}.Debug|Any CPU.Build.0 = Debug|Any CPU
		{61D37676-3038-4986-B6EB-0E8D5CFB9426}.Release|Any CPU.ActiveCfg = Release|Any CPU
		{61D37676-3038-4986-B6EB-0E8D5CFB9426}.Release|Any CPU.Build.0 = Release|Any CPU
		{740534CC-AC0B-4288-856D-63A764E1C2ED}.Debug|Any CPU.ActiveCfg = Debug|Any CPU
		{740534CC-AC0B-4288-856D-63A764E1C2ED}.Debug|Any CPU.Build.0 = Debug|Any CPU
		{740534CC-AC0B-4288-856D-63A764E1C2ED}.Release|Any CPU.ActiveCfg = Release|Any CPU
		{740534CC-AC0B-4288-856D-63A764E1C2ED}.Release|Any CPU.Build.0 = Release|Any CPU
		{5B7F52B1-C2C9-47AC-AB7C-AE7C99EE8744}.Debug|Any CPU.ActiveCfg = Debug|Any CPU
		{5B7F52B1-C2C9-47AC-AB7C-AE7C99EE8744}.Debug|Any CPU.Build.0 = Debug|Any CPU
		{5B7F52B1-C2C9-47AC-AB7C-AE7C99EE8744}.Release|Any CPU.ActiveCfg = Release|Any CPU
		{5B7F52B1-C2C9-47AC-AB7C-AE7C99EE8744}.Release|Any CPU.Build.0 = Release|Any CPU
		{76CF1D22-46B7-4B7B-9466-8BD3D4C52502}.Debug|Any CPU.ActiveCfg = Debug|Any CPU
		{76CF1D22-46B7-4B7B-9466-8BD3D4C52502}.Debug|Any CPU.Build.0 = Debug|Any CPU
		{76CF1D22-46B7-4B7B-9466-8BD3D4C52502}.Release|Any CPU.ActiveCfg = Release|Any CPU
		{76CF1D22-46B7-4B7B-9466-8BD3D4C52502}.Release|Any CPU.Build.0 = Release|Any CPU
		{5587B92C-52BE-46EA-A148-DF9880B4532B}.Debug|Any CPU.ActiveCfg = Debug|Any CPU
		{5587B92C-52BE-46EA-A148-DF9880B4532B}.Debug|Any CPU.Build.0 = Debug|Any CPU
		{5587B92C-52BE-46EA-A148-DF9880B4532B}.Release|Any CPU.ActiveCfg = Release|Any CPU
		{5587B92C-52BE-46EA-A148-DF9880B4532B}.Release|Any CPU.Build.0 = Release|Any CPU
		{067451C0-F2FE-401A-8424-4DAAB97056BF}.Debug|Any CPU.ActiveCfg = Debug|Any CPU
		{067451C0-F2FE-401A-8424-4DAAB97056BF}.Debug|Any CPU.Build.0 = Debug|Any CPU
		{067451C0-F2FE-401A-8424-4DAAB97056BF}.Release|Any CPU.ActiveCfg = Release|Any CPU
		{067451C0-F2FE-401A-8424-4DAAB97056BF}.Release|Any CPU.Build.0 = Release|Any CPU
		{CD9D8527-72A4-4E6A-9CF0-AC86196CF62E}.Debug|Any CPU.ActiveCfg = Debug|Any CPU
		{CD9D8527-72A4-4E6A-9CF0-AC86196CF62E}.Debug|Any CPU.Build.0 = Debug|Any CPU
		{CD9D8527-72A4-4E6A-9CF0-AC86196CF62E}.Release|Any CPU.ActiveCfg = Release|Any CPU
		{CD9D8527-72A4-4E6A-9CF0-AC86196CF62E}.Release|Any CPU.Build.0 = Release|Any CPU
		{70DAF391-9DA7-4A8D-B758-226FDE8B0F81}.Debug|Any CPU.ActiveCfg = Debug|Any CPU
		{70DAF391-9DA7-4A8D-B758-226FDE8B0F81}.Debug|Any CPU.Build.0 = Debug|Any CPU
		{70DAF391-9DA7-4A8D-B758-226FDE8B0F81}.Release|Any CPU.ActiveCfg = Release|Any CPU
		{70DAF391-9DA7-4A8D-B758-226FDE8B0F81}.Release|Any CPU.Build.0 = Release|Any CPU
		{7DC1B30E-12B6-4786-8308-07E4EFDB24C1}.Debug|Any CPU.ActiveCfg = Debug|Any CPU
		{7DC1B30E-12B6-4786-8308-07E4EFDB24C1}.Debug|Any CPU.Build.0 = Debug|Any CPU
		{7DC1B30E-12B6-4786-8308-07E4EFDB24C1}.Release|Any CPU.ActiveCfg = Release|Any CPU
		{7DC1B30E-12B6-4786-8308-07E4EFDB24C1}.Release|Any CPU.Build.0 = Release|Any CPU
		{D58C7599-A761-42F6-B09D-F190806BBADA}.Debug|Any CPU.ActiveCfg = Debug|Any CPU
		{D58C7599-A761-42F6-B09D-F190806BBADA}.Debug|Any CPU.Build.0 = Debug|Any CPU
		{D58C7599-A761-42F6-B09D-F190806BBADA}.Release|Any CPU.ActiveCfg = Release|Any CPU
		{D58C7599-A761-42F6-B09D-F190806BBADA}.Release|Any CPU.Build.0 = Release|Any CPU
	EndGlobalSection
	GlobalSection(SolutionProperties) = preSolution
		HideSolutionNode = FALSE
	EndGlobalSection
	GlobalSection(NestedProjects) = preSolution
		{91983764-A493-4566-81DF-2F53EB7C6076} = {568D619C-7FF9-4B77-BDC5-37D97FFF2A58}
		{055A3C44-3BE9-4B8C-B13E-5B4ED75F86BE} = {49003256-E5AC-473A-8A44-D5BEA2874A89}
		{14DB75FC-AB06-4F1A-9809-37C69669557E} = {FA6EE94A-06E6-4621-89C6-EDE430C5887F}
		{529C6583-ACDB-46E1-92D3-FE3E910EC915} = {14DB75FC-AB06-4F1A-9809-37C69669557E}
		{11099116-2EC6-4022-9726-0C03AF2CFB8C} = {055A3C44-3BE9-4B8C-B13E-5B4ED75F86BE}
		{0BDE2FE0-BF56-4F75-AF94-E659567701A2} = {055A3C44-3BE9-4B8C-B13E-5B4ED75F86BE}
		{ABCC8CFD-4D53-42D5-9B73-695184BB793E} = {FA6EE94A-06E6-4621-89C6-EDE430C5887F}
		{B4616F9C-C510-4AC7-8AE5-9EB001CF7315} = {ABCC8CFD-4D53-42D5-9B73-695184BB793E}
		{B5A31DAF-4B8E-48DF-8083-EF10B777603D} = {ABCC8CFD-4D53-42D5-9B73-695184BB793E}
		{53B6F11E-F8F6-4C99-888A-5131470C7256} = {49003256-E5AC-473A-8A44-D5BEA2874A89}
		{49003256-E5AC-473A-8A44-D5BEA2874A89} = {FA6EE94A-06E6-4621-89C6-EDE430C5887F}
		{6D17D8D5-E5CB-4D81-BC1E-A498F63C2984} = {53B6F11E-F8F6-4C99-888A-5131470C7256}
		{6C1CB36E-DDD4-44E3-A812-792CE351E5DB} = {FA6EE94A-06E6-4621-89C6-EDE430C5887F}
		{823C244E-3D8C-442D-9CCC-A39182C9B9BC} = {6C1CB36E-DDD4-44E3-A812-792CE351E5DB}
		{0E41D005-436D-4EBA-8449-47282FAF68C9} = {568D619C-7FF9-4B77-BDC5-37D97FFF2A58}
		{4F684200-6CD0-4353-A8CD-906FC252502F} = {0E41D005-436D-4EBA-8449-47282FAF68C9}
		{09CF4C07-2400-479F-9B4F-6D4B8BD8A7A0} = {0E41D005-436D-4EBA-8449-47282FAF68C9}
		{10CA51A4-2EE0-46B8-A257-DB9D26565C33} = {0E41D005-436D-4EBA-8449-47282FAF68C9}
		{4B9FACAA-999F-4339-8352-6CDC899CE9D3} = {0E41D005-436D-4EBA-8449-47282FAF68C9}
		{45C90D31-61A3-42F6-BBB5-1B426DC2DA6D} = {8E0724A5-6B17-4699-836F-445ACB28A4C7}
		{D51A9BBA-1F9A-47C3-8BEB-E60A75A0D34A} = {4CC1C11D-7690-45C0-98FD-132A733317CB}
		{3FAB9535-BE8F-48CB-9770-0A6A2D06E4EF} = {4CC1C11D-7690-45C0-98FD-132A733317CB}
		{E90DE608-C71D-4C27-9454-8A3A1B2033AA} = {4CC1C11D-7690-45C0-98FD-132A733317CB}
		{4CC1C11D-7690-45C0-98FD-132A733317CB} = {45C90D31-61A3-42F6-BBB5-1B426DC2DA6D}
		{D6ADF0EC-31DC-455C-9D94-BADC5A34E101} = {568D619C-7FF9-4B77-BDC5-37D97FFF2A58}
		{B1104BA5-11E7-4F45-A612-1820605FC36C} = {D6ADF0EC-31DC-455C-9D94-BADC5A34E101}
		{C939EB85-5D07-4960-B7E1-A130483C2F90} = {D6ADF0EC-31DC-455C-9D94-BADC5A34E101}
		{1EDF4E0A-D976-43A4-B16A-88319418656E} = {D6ADF0EC-31DC-455C-9D94-BADC5A34E101}
		{F1039FBC-268E-4D09-92D2-9E229E5A1CA7} = {D6ADF0EC-31DC-455C-9D94-BADC5A34E101}
		{1D7FD7D3-BFA3-43F1-B826-21C269D2FEBA} = {0E41D005-436D-4EBA-8449-47282FAF68C9}
		{61D37676-3038-4986-B6EB-0E8D5CFB9426} = {D6ADF0EC-31DC-455C-9D94-BADC5A34E101}
		{0731551E-7938-4550-9562-2221521898AF} = {568D619C-7FF9-4B77-BDC5-37D97FFF2A58}
		{740534CC-AC0B-4288-856D-63A764E1C2ED} = {0731551E-7938-4550-9562-2221521898AF}
		{5B7F52B1-C2C9-47AC-AB7C-AE7C99EE8744} = {0731551E-7938-4550-9562-2221521898AF}
		{76CF1D22-46B7-4B7B-9466-8BD3D4C52502} = {0731551E-7938-4550-9562-2221521898AF}
		{5587B92C-52BE-46EA-A148-DF9880B4532B} = {0731551E-7938-4550-9562-2221521898AF}
		{067451C0-F2FE-401A-8424-4DAAB97056BF} = {0731551E-7938-4550-9562-2221521898AF}
		{CD9D8527-72A4-4E6A-9CF0-AC86196CF62E} = {D6ADF0EC-31DC-455C-9D94-BADC5A34E101}
		{548AA7A5-A74F-4E14-A438-5CB17765B40E} = {568D619C-7FF9-4B77-BDC5-37D97FFF2A58}
		{70DAF391-9DA7-4A8D-B758-226FDE8B0F81} = {548AA7A5-A74F-4E14-A438-5CB17765B40E}
		{7DC1B30E-12B6-4786-8308-07E4EFDB24C1} = {91983764-A493-4566-81DF-2F53EB7C6076}
		{D839E91C-6514-4F66-AA33-CB5E6FD63A28} = {8E0724A5-6B17-4699-836F-445ACB28A4C7}
		{D58C7599-A761-42F6-B09D-F190806BBADA} = {D839E91C-6514-4F66-AA33-CB5E6FD63A28}
	EndGlobalSection
	GlobalSection(ExtensibilityGlobals) = postSolution
		SolutionGuid = {61E0CB2F-1B7F-4DEF-9463-F5C807E66E33}
	EndGlobalSection
EndGlobal
